// !$*UTF8*$!
{
	archiveVersion = 1;
	classes = {
	};
	objectVersion = 51;
	objects = {

/* Begin PBXBuildFile section */
		30AB0F3C243317C500ED33EF /* TestTwoClass.m in Sources */ = {isa = PBXBuildFile; fileRef = 30AB0F3B243317C500ED33EF /* TestTwoClass.m */; };
		30EFB9A5241F4C110071A788 /* AppDelegate.m in Sources */ = {isa = PBXBuildFile; fileRef = 30EFB9A4241F4C110071A788 /* AppDelegate.m */; };
		30EFB9A8241F4C110071A788 /* ViewController.m in Sources */ = {isa = PBXBuildFile; fileRef = 30EFB9A7241F4C110071A788 /* ViewController.m */; };
		30EFB9AB241F4C110071A788 /* Main.storyboard in Resources */ = {isa = PBXBuildFile; fileRef = 30EFB9A9241F4C110071A788 /* Main.storyboard */; };
		30EFB9AD241F4C120071A788 /* Assets.xcassets in Resources */ = {isa = PBXBuildFile; fileRef = 30EFB9AC241F4C120071A788 /* Assets.xcassets */; };
		30EFB9B0241F4C120071A788 /* LaunchScreen.storyboard in Resources */ = {isa = PBXBuildFile; fileRef = 30EFB9AE241F4C120071A788 /* LaunchScreen.storyboard */; };
		30EFB9B3241F4C120071A788 /* main.m in Sources */ = {isa = PBXBuildFile; fileRef = 30EFB9B2241F4C120071A788 /* main.m */; };
		30EFB9BD241F4C120071A788 /* TestTests.m in Sources */ = {isa = PBXBuildFile; fileRef = 30EFB9BC241F4C120071A788 /* TestTests.m */; };
		30EFB9C8241F4C120071A788 /* TestUITests.m in Sources */ = {isa = PBXBuildFile; fileRef = 30EFB9C7241F4C120071A788 /* TestUITests.m */; };
		30EFBAC224233FB10071A788 /* TestClass.m in Sources */ = {isa = PBXBuildFile; fileRef = 30EFBAC124233FB10071A788 /* TestClass.m */; };
		30EFBAC4242342720071A788 /* UIKit.framework in Frameworks */ = {isa = PBXBuildFile; fileRef = 30EFBAC3242342720071A788 /* UIKit.framework */; };
		30EFBAC6242342940071A788 /* Foundation.framework in Frameworks */ = {isa = PBXBuildFile; fileRef = 30EFBAC5242342940071A788 /* Foundation.framework */; };
		7AF788A588B7EC797E59B879 /* Pods_Test.framework in Frameworks */ = {isa = PBXBuildFile; fileRef = 16DD39F5A0DECB91B385FAD2 /* Pods_Test.framework */; };
		86D6F77E9C976B8063A73F1C /* Pods_Test_TestUITests.framework in Frameworks */ = {isa = PBXBuildFile; fileRef = 0ED0D114756469DD9413FC2F /* Pods_Test_TestUITests.framework */; };
		EA0E5CC213EFE36991625FFA /* Pods_TestTests.framework in Frameworks */ = {isa = PBXBuildFile; fileRef = AEF306519CD40B7171E6A288 /* Pods_TestTests.framework */; };
/* End PBXBuildFile section */

/* Begin PBXContainerItemProxy section */
		30EFB9B9241F4C120071A788 /* PBXContainerItemProxy */ = {
			isa = PBXContainerItemProxy;
			containerPortal = 30EFB998241F4C110071A788 /* Project object */;
			proxyType = 1;
			remoteGlobalIDString = 30EFB99F241F4C110071A788;
			remoteInfo = Test;
		};
		30EFB9C4241F4C120071A788 /* PBXContainerItemProxy */ = {
			isa = PBXContainerItemProxy;
			containerPortal = 30EFB998241F4C110071A788 /* Project object */;
			proxyType = 1;
			remoteGlobalIDString = 30EFB99F241F4C110071A788;
			remoteInfo = Test;
		};
/* End PBXContainerItemProxy section */

/* Begin PBXFileReference section */
		0ED0D114756469DD9413FC2F /* Pods_Test_TestUITests.framework */ = {isa = PBXFileReference; explicitFileType = wrapper.framework; includeInIndex = 0; path = Pods_Test_TestUITests.framework; sourceTree = BUILT_PRODUCTS_DIR; };
		16DD39F5A0DECB91B385FAD2 /* Pods_Test.framework */ = {isa = PBXFileReference; explicitFileType = wrapper.framework; includeInIndex = 0; path = Pods_Test.framework; sourceTree = BUILT_PRODUCTS_DIR; };
		1BBF4358C319146C8B599AAE /* Pods-TestTests.release.xcconfig */ = {isa = PBXFileReference; includeInIndex = 1; lastKnownFileType = text.xcconfig; name = "Pods-TestTests.release.xcconfig"; path = "Target Support Files/Pods-TestTests/Pods-TestTests.release.xcconfig"; sourceTree = "<group>"; };
		30AB0F3A243317C500ED33EF /* TestTwoClass.h */ = {isa = PBXFileReference; lastKnownFileType = sourcecode.c.h; path = TestTwoClass.h; sourceTree = "<group>"; };
		30AB0F3B243317C500ED33EF /* TestTwoClass.m */ = {isa = PBXFileReference; lastKnownFileType = sourcecode.c.objc; path = TestTwoClass.m; sourceTree = "<group>"; };
		30AB0F3D2433184500ED33EF /* TestPch.pch */ = {isa = PBXFileReference; lastKnownFileType = sourcecode.c.h; path = TestPch.pch; sourceTree = "<group>"; };
		30EFB9A0241F4C110071A788 /* Test.app */ = {isa = PBXFileReference; explicitFileType = wrapper.application; includeInIndex = 0; path = Test.app; sourceTree = BUILT_PRODUCTS_DIR; };
		30EFB9A3241F4C110071A788 /* AppDelegate.h */ = {isa = PBXFileReference; lastKnownFileType = sourcecode.c.h; path = AppDelegate.h; sourceTree = "<group>"; };
		30EFB9A4241F4C110071A788 /* AppDelegate.m */ = {isa = PBXFileReference; lastKnownFileType = sourcecode.c.objc; path = AppDelegate.m; sourceTree = "<group>"; };
		30EFB9A6241F4C110071A788 /* ViewController.h */ = {isa = PBXFileReference; lastKnownFileType = sourcecode.c.h; path = ViewController.h; sourceTree = "<group>"; };
		30EFB9A7241F4C110071A788 /* ViewController.m */ = {isa = PBXFileReference; lastKnownFileType = sourcecode.c.objc; path = ViewController.m; sourceTree = "<group>"; };
		30EFB9AA241F4C110071A788 /* Base */ = {isa = PBXFileReference; lastKnownFileType = file.storyboard; name = Base; path = Base.lproj/Main.storyboard; sourceTree = "<group>"; };
		30EFB9AC241F4C120071A788 /* Assets.xcassets */ = {isa = PBXFileReference; lastKnownFileType = folder.assetcatalog; path = Assets.xcassets; sourceTree = "<group>"; };
		30EFB9AF241F4C120071A788 /* Base */ = {isa = PBXFileReference; lastKnownFileType = file.storyboard; name = Base; path = Base.lproj/LaunchScreen.storyboard; sourceTree = "<group>"; };
		30EFB9B1241F4C120071A788 /* Info.plist */ = {isa = PBXFileReference; lastKnownFileType = text.plist.xml; path = Info.plist; sourceTree = "<group>"; };
		30EFB9B2241F4C120071A788 /* main.m */ = {isa = PBXFileReference; lastKnownFileType = sourcecode.c.objc; path = main.m; sourceTree = "<group>"; };
		30EFB9B8241F4C120071A788 /* TestTests.xctest */ = {isa = PBXFileReference; explicitFileType = wrapper.cfbundle; includeInIndex = 0; path = TestTests.xctest; sourceTree = BUILT_PRODUCTS_DIR; };
		30EFB9BC241F4C120071A788 /* TestTests.m */ = {isa = PBXFileReference; lastKnownFileType = sourcecode.c.objc; path = TestTests.m; sourceTree = "<group>"; };
		30EFB9BE241F4C120071A788 /* Info.plist */ = {isa = PBXFileReference; lastKnownFileType = text.plist.xml; path = Info.plist; sourceTree = "<group>"; };
		30EFB9C3241F4C120071A788 /* TestUITests.xctest */ = {isa = PBXFileReference; explicitFileType = wrapper.cfbundle; includeInIndex = 0; path = TestUITests.xctest; sourceTree = BUILT_PRODUCTS_DIR; };
		30EFB9C7241F4C120071A788 /* TestUITests.m */ = {isa = PBXFileReference; lastKnownFileType = sourcecode.c.objc; path = TestUITests.m; sourceTree = "<group>"; };
		30EFB9C9241F4C120071A788 /* Info.plist */ = {isa = PBXFileReference; lastKnownFileType = text.plist.xml; path = Info.plist; sourceTree = "<group>"; };
		30EFBAC024233FB10071A788 /* TestClass.h */ = {isa = PBXFileReference; lastKnownFileType = sourcecode.c.h; path = TestClass.h; sourceTree = "<group>"; };
		30EFBAC124233FB10071A788 /* TestClass.m */ = {isa = PBXFileReference; lastKnownFileType = sourcecode.c.objc; path = TestClass.m; sourceTree = "<group>"; };
		30EFBAC3242342720071A788 /* UIKit.framework */ = {isa = PBXFileReference; lastKnownFileType = wrapper.framework; name = UIKit.framework; path = System/Library/Frameworks/UIKit.framework; sourceTree = SDKROOT; };
		30EFBAC5242342940071A788 /* Foundation.framework */ = {isa = PBXFileReference; lastKnownFileType = wrapper.framework; name = Foundation.framework; path = System/Library/Frameworks/Foundation.framework; sourceTree = SDKROOT; };
		7B8B821A0B666C182085DB75 /* Pods-Test-TestUITests.debug.xcconfig */ = {isa = PBXFileReference; includeInIndex = 1; lastKnownFileType = text.xcconfig; name = "Pods-Test-TestUITests.debug.xcconfig"; path = "Target Support Files/Pods-Test-TestUITests/Pods-Test-TestUITests.debug.xcconfig"; sourceTree = "<group>"; };
		8D336E804F004BAE2B62B2E9 /* Pods-TestTests.debug.xcconfig */ = {isa = PBXFileReference; includeInIndex = 1; lastKnownFileType = text.xcconfig; name = "Pods-TestTests.debug.xcconfig"; path = "Target Support Files/Pods-TestTests/Pods-TestTests.debug.xcconfig"; sourceTree = "<group>"; };
		9A079401851A9EAC9D91040B /* Pods-Test-TestUITests.release.xcconfig */ = {isa = PBXFileReference; includeInIndex = 1; lastKnownFileType = text.xcconfig; name = "Pods-Test-TestUITests.release.xcconfig"; path = "Target Support Files/Pods-Test-TestUITests/Pods-Test-TestUITests.release.xcconfig"; sourceTree = "<group>"; };
		AEF306519CD40B7171E6A288 /* Pods_TestTests.framework */ = {isa = PBXFileReference; explicitFileType = wrapper.framework; includeInIndex = 0; path = Pods_TestTests.framework; sourceTree = BUILT_PRODUCTS_DIR; };
		BBFBBAAD2FF0B2608F226A46 /* Pods-Test.release.xcconfig */ = {isa = PBXFileReference; includeInIndex = 1; lastKnownFileType = text.xcconfig; name = "Pods-Test.release.xcconfig"; path = "Target Support Files/Pods-Test/Pods-Test.release.xcconfig"; sourceTree = "<group>"; };
		F1D963971A3AE7A8166C824D /* Pods-Test.debug.xcconfig */ = {isa = PBXFileReference; includeInIndex = 1; lastKnownFileType = text.xcconfig; name = "Pods-Test.debug.xcconfig"; path = "Target Support Files/Pods-Test/Pods-Test.debug.xcconfig"; sourceTree = "<group>"; };
/* End PBXFileReference section */

/* Begin PBXFrameworksBuildPhase section */
		30EFB99D241F4C110071A788 /* Frameworks */ = {
			isa = PBXFrameworksBuildPhase;
			buildActionMask = 2147483647;
			files = (
				30EFBAC6242342940071A788 /* Foundation.framework in Frameworks */,
				30EFBAC4242342720071A788 /* UIKit.framework in Frameworks */,
				7AF788A588B7EC797E59B879 /* Pods_Test.framework in Frameworks */,
			);
			runOnlyForDeploymentPostprocessing = 0;
		};
		30EFB9B5241F4C120071A788 /* Frameworks */ = {
			isa = PBXFrameworksBuildPhase;
			buildActionMask = 2147483647;
			files = (
				EA0E5CC213EFE36991625FFA /* Pods_TestTests.framework in Frameworks */,
			);
			runOnlyForDeploymentPostprocessing = 0;
		};
		30EFB9C0241F4C120071A788 /* Frameworks */ = {
			isa = PBXFrameworksBuildPhase;
			buildActionMask = 2147483647;
			files = (
				86D6F77E9C976B8063A73F1C /* Pods_Test_TestUITests.framework in Frameworks */,
			);
			runOnlyForDeploymentPostprocessing = 0;
		};
/* End PBXFrameworksBuildPhase section */

/* Begin PBXGroup section */
		30EFB997241F4C110071A788 = {
			isa = PBXGroup;
			children = (
				30EFB9A2241F4C110071A788 /* Test */,
				30EFB9BB241F4C120071A788 /* TestTests */,
				30EFB9C6241F4C120071A788 /* TestUITests */,
				30EFB9A1241F4C110071A788 /* Products */,
				64EB7625CC3F6D3B02AAA68F /* Pods */,
				C0140060B719372C94EA4E57 /* Frameworks */,
			);
			sourceTree = "<group>";
		};
		30EFB9A1241F4C110071A788 /* Products */ = {
			isa = PBXGroup;
			children = (
				30EFB9A0241F4C110071A788 /* Test.app */,
				30EFB9B8241F4C120071A788 /* TestTests.xctest */,
				30EFB9C3241F4C120071A788 /* TestUITests.xctest */,
			);
			name = Products;
			sourceTree = "<group>";
		};
		30EFB9A2241F4C110071A788 /* Test */ = {
			isa = PBXGroup;
			children = (
				30EFBABF24233F850071A788 /* Runtime */,
				30EFB9A3241F4C110071A788 /* AppDelegate.h */,
				30EFB9A4241F4C110071A788 /* AppDelegate.m */,
				30AB0F3D2433184500ED33EF /* TestPch.pch */,
				30EFB9A6241F4C110071A788 /* ViewController.h */,
				30EFB9A7241F4C110071A788 /* ViewController.m */,
				30EFB9A9241F4C110071A788 /* Main.storyboard */,
				30EFB9AC241F4C120071A788 /* Assets.xcassets */,
				30EFB9AE241F4C120071A788 /* LaunchScreen.storyboard */,
				30EFB9B1241F4C120071A788 /* Info.plist */,
				30EFB9B2241F4C120071A788 /* main.m */,
			);
			path = Test;
			sourceTree = "<group>";
		};
		30EFB9BB241F4C120071A788 /* TestTests */ = {
			isa = PBXGroup;
			children = (
				30EFB9BC241F4C120071A788 /* TestTests.m */,
				30EFB9BE241F4C120071A788 /* Info.plist */,
			);
			path = TestTests;
			sourceTree = "<group>";
		};
		30EFB9C6241F4C120071A788 /* TestUITests */ = {
			isa = PBXGroup;
			children = (
				30EFB9C7241F4C120071A788 /* TestUITests.m */,
				30EFB9C9241F4C120071A788 /* Info.plist */,
			);
			path = TestUITests;
			sourceTree = "<group>";
		};
		30EFBABF24233F850071A788 /* Runtime */ = {
			isa = PBXGroup;
			children = (
				30EFBAC024233FB10071A788 /* TestClass.h */,
				30EFBAC124233FB10071A788 /* TestClass.m */,
				30AB0F3A243317C500ED33EF /* TestTwoClass.h */,
				30AB0F3B243317C500ED33EF /* TestTwoClass.m */,
			);
			path = Runtime;
			sourceTree = "<group>";
		};
		64EB7625CC3F6D3B02AAA68F /* Pods */ = {
			isa = PBXGroup;
			children = (
				F1D963971A3AE7A8166C824D /* Pods-Test.debug.xcconfig */,
				BBFBBAAD2FF0B2608F226A46 /* Pods-Test.release.xcconfig */,
				7B8B821A0B666C182085DB75 /* Pods-Test-TestUITests.debug.xcconfig */,
				9A079401851A9EAC9D91040B /* Pods-Test-TestUITests.release.xcconfig */,
				8D336E804F004BAE2B62B2E9 /* Pods-TestTests.debug.xcconfig */,
				1BBF4358C319146C8B599AAE /* Pods-TestTests.release.xcconfig */,
			);
			path = Pods;
			sourceTree = "<group>";
		};
		C0140060B719372C94EA4E57 /* Frameworks */ = {
			isa = PBXGroup;
			children = (
				30EFBAC5242342940071A788 /* Foundation.framework */,
				30EFBAC3242342720071A788 /* UIKit.framework */,
				16DD39F5A0DECB91B385FAD2 /* Pods_Test.framework */,
				0ED0D114756469DD9413FC2F /* Pods_Test_TestUITests.framework */,
				AEF306519CD40B7171E6A288 /* Pods_TestTests.framework */,
			);
			name = Frameworks;
			sourceTree = "<group>";
		};
/* End PBXGroup section */

/* Begin PBXNativeTarget section */
		30EFB99F241F4C110071A788 /* Test */ = {
			isa = PBXNativeTarget;
			buildConfigurationList = 30EFB9CC241F4C120071A788 /* Build configuration list for PBXNativeTarget "Test" */;
			buildPhases = (
				B5EFC1A86557DDD3BC5942A3 /* [CP] Check Pods Manifest.lock */,
				30EFB99C241F4C110071A788 /* Sources */,
				30EFB99D241F4C110071A788 /* Frameworks */,
				30EFB99E241F4C110071A788 /* Resources */,
				C4E38B556771814E711CD3E6 /* [CP] Embed Pods Frameworks */,
			);
			buildRules = (
			);
			dependencies = (
			);
			name = Test;
			productName = Test;
			productReference = 30EFB9A0241F4C110071A788 /* Test.app */;
			productType = "com.apple.product-type.application";
		};
		30EFB9B7241F4C120071A788 /* TestTests */ = {
			isa = PBXNativeTarget;
			buildConfigurationList = 30EFB9CF241F4C120071A788 /* Build configuration list for PBXNativeTarget "TestTests" */;
			buildPhases = (
				955EE87C62E70958EEBC7915 /* [CP] Check Pods Manifest.lock */,
				30EFB9B4241F4C120071A788 /* Sources */,
				30EFB9B5241F4C120071A788 /* Frameworks */,
				30EFB9B6241F4C120071A788 /* Resources */,
			);
			buildRules = (
			);
			dependencies = (
				30EFB9BA241F4C120071A788 /* PBXTargetDependency */,
			);
			name = TestTests;
			productName = TestTests;
			productReference = 30EFB9B8241F4C120071A788 /* TestTests.xctest */;
			productType = "com.apple.product-type.bundle.unit-test";
		};
		30EFB9C2241F4C120071A788 /* TestUITests */ = {
			isa = PBXNativeTarget;
			buildConfigurationList = 30EFB9D2241F4C120071A788 /* Build configuration list for PBXNativeTarget "TestUITests" */;
			buildPhases = (
				BC84F3FFF56F5D17D6021067 /* [CP] Check Pods Manifest.lock */,
				30EFB9BF241F4C120071A788 /* Sources */,
				30EFB9C0241F4C120071A788 /* Frameworks */,
				30EFB9C1241F4C120071A788 /* Resources */,
				768069AC984ACCADF1D39758 /* [CP] Embed Pods Frameworks */,
			);
			buildRules = (
			);
			dependencies = (
				30EFB9C5241F4C120071A788 /* PBXTargetDependency */,
			);
			name = TestUITests;
			productName = TestUITests;
			productReference = 30EFB9C3241F4C120071A788 /* TestUITests.xctest */;
			productType = "com.apple.product-type.bundle.ui-testing";
		};
/* End PBXNativeTarget section */

/* Begin PBXProject section */
		30EFB998241F4C110071A788 /* Project object */ = {
			isa = PBXProject;
			attributes = {
				LastUpgradeCheck = 1030;
				ORGANIZATIONNAME = jiang;
				TargetAttributes = {
					30EFB99F241F4C110071A788 = {
						CreatedOnToolsVersion = 10.3;
					};
					30EFB9B7241F4C120071A788 = {
						CreatedOnToolsVersion = 10.3;
						TestTargetID = 30EFB99F241F4C110071A788;
					};
					30EFB9C2241F4C120071A788 = {
						CreatedOnToolsVersion = 10.3;
						TestTargetID = 30EFB99F241F4C110071A788;
					};
				};
			};
			buildConfigurationList = 30EFB99B241F4C110071A788 /* Build configuration list for PBXProject "Test" */;
			compatibilityVersion = "Xcode 9.3";
			developmentRegion = en;
			hasScannedForEncodings = 0;
			knownRegions = (
				en,
				Base,
			);
			mainGroup = 30EFB997241F4C110071A788;
			productRefGroup = 30EFB9A1241F4C110071A788 /* Products */;
			projectDirPath = "";
			projectRoot = "";
			targets = (
				30EFB99F241F4C110071A788 /* Test */,
				30EFB9B7241F4C120071A788 /* TestTests */,
				30EFB9C2241F4C120071A788 /* TestUITests */,
			);
		};
/* End PBXProject section */

/* Begin PBXResourcesBuildPhase section */
		30EFB99E241F4C110071A788 /* Resources */ = {
			isa = PBXResourcesBuildPhase;
			buildActionMask = 2147483647;
			files = (
				30EFB9B0241F4C120071A788 /* LaunchScreen.storyboard in Resources */,
				30EFB9AD241F4C120071A788 /* Assets.xcassets in Resources */,
				30EFB9AB241F4C110071A788 /* Main.storyboard in Resources */,
			);
			runOnlyForDeploymentPostprocessing = 0;
		};
		30EFB9B6241F4C120071A788 /* Resources */ = {
			isa = PBXResourcesBuildPhase;
			buildActionMask = 2147483647;
			files = (
			);
			runOnlyForDeploymentPostprocessing = 0;
		};
		30EFB9C1241F4C120071A788 /* Resources */ = {
			isa = PBXResourcesBuildPhase;
			buildActionMask = 2147483647;
			files = (
			);
			runOnlyForDeploymentPostprocessing = 0;
		};
/* End PBXResourcesBuildPhase section */

/* Begin PBXShellScriptBuildPhase section */
		768069AC984ACCADF1D39758 /* [CP] Embed Pods Frameworks */ = {
			isa = PBXShellScriptBuildPhase;
			buildActionMask = 2147483647;
			files = (
			);
			inputFileListPaths = (
				"${PODS_ROOT}/Target Support Files/Pods-Test-TestUITests/Pods-Test-TestUITests-frameworks-${CONFIGURATION}-input-files.xcfilelist",
			);
			name = "[CP] Embed Pods Frameworks";
			outputFileListPaths = (
				"${PODS_ROOT}/Target Support Files/Pods-Test-TestUITests/Pods-Test-TestUITests-frameworks-${CONFIGURATION}-output-files.xcfilelist",
			);
			runOnlyForDeploymentPostprocessing = 0;
			shellPath = /bin/sh;
			shellScript = "\"${PODS_ROOT}/Target Support Files/Pods-Test-TestUITests/Pods-Test-TestUITests-frameworks.sh\"\n";
			showEnvVarsInLog = 0;
		};
		955EE87C62E70958EEBC7915 /* [CP] Check Pods Manifest.lock */ = {
			isa = PBXShellScriptBuildPhase;
			buildActionMask = 2147483647;
			files = (
			);
			inputFileListPaths = (
			);
			inputPaths = (
				"${PODS_PODFILE_DIR_PATH}/Podfile.lock",
				"${PODS_ROOT}/Manifest.lock",
			);
			name = "[CP] Check Pods Manifest.lock";
			outputFileListPaths = (
			);
			outputPaths = (
				"$(DERIVED_FILE_DIR)/Pods-TestTests-checkManifestLockResult.txt",
			);
			runOnlyForDeploymentPostprocessing = 0;
			shellPath = /bin/sh;
			shellScript = "diff \"${PODS_PODFILE_DIR_PATH}/Podfile.lock\" \"${PODS_ROOT}/Manifest.lock\" > /dev/null\nif [ $? != 0 ] ; then\n    # print error to STDERR\n    echo \"error: The sandbox is not in sync with the Podfile.lock. Run 'pod install' or update your CocoaPods installation.\" >&2\n    exit 1\nfi\n# This output is used by Xcode 'outputs' to avoid re-running this script phase.\necho \"SUCCESS\" > \"${SCRIPT_OUTPUT_FILE_0}\"\n";
			showEnvVarsInLog = 0;
		};
		B5EFC1A86557DDD3BC5942A3 /* [CP] Check Pods Manifest.lock */ = {
			isa = PBXShellScriptBuildPhase;
			buildActionMask = 2147483647;
			files = (
			);
			inputFileListPaths = (
			);
			inputPaths = (
				"${PODS_PODFILE_DIR_PATH}/Podfile.lock",
				"${PODS_ROOT}/Manifest.lock",
			);
			name = "[CP] Check Pods Manifest.lock";
			outputFileListPaths = (
			);
			outputPaths = (
				"$(DERIVED_FILE_DIR)/Pods-Test-checkManifestLockResult.txt",
			);
			runOnlyForDeploymentPostprocessing = 0;
			shellPath = /bin/sh;
			shellScript = "diff \"${PODS_PODFILE_DIR_PATH}/Podfile.lock\" \"${PODS_ROOT}/Manifest.lock\" > /dev/null\nif [ $? != 0 ] ; then\n    # print error to STDERR\n    echo \"error: The sandbox is not in sync with the Podfile.lock. Run 'pod install' or update your CocoaPods installation.\" >&2\n    exit 1\nfi\n# This output is used by Xcode 'outputs' to avoid re-running this script phase.\necho \"SUCCESS\" > \"${SCRIPT_OUTPUT_FILE_0}\"\n";
			showEnvVarsInLog = 0;
		};
		BC84F3FFF56F5D17D6021067 /* [CP] Check Pods Manifest.lock */ = {
			isa = PBXShellScriptBuildPhase;
			buildActionMask = 2147483647;
			files = (
			);
			inputFileListPaths = (
			);
			inputPaths = (
				"${PODS_PODFILE_DIR_PATH}/Podfile.lock",
				"${PODS_ROOT}/Manifest.lock",
			);
			name = "[CP] Check Pods Manifest.lock";
			outputFileListPaths = (
			);
			outputPaths = (
				"$(DERIVED_FILE_DIR)/Pods-Test-TestUITests-checkManifestLockResult.txt",
			);
			runOnlyForDeploymentPostprocessing = 0;
			shellPath = /bin/sh;
			shellScript = "diff \"${PODS_PODFILE_DIR_PATH}/Podfile.lock\" \"${PODS_ROOT}/Manifest.lock\" > /dev/null\nif [ $? != 0 ] ; then\n    # print error to STDERR\n    echo \"error: The sandbox is not in sync with the Podfile.lock. Run 'pod install' or update your CocoaPods installation.\" >&2\n    exit 1\nfi\n# This output is used by Xcode 'outputs' to avoid re-running this script phase.\necho \"SUCCESS\" > \"${SCRIPT_OUTPUT_FILE_0}\"\n";
			showEnvVarsInLog = 0;
		};
		C4E38B556771814E711CD3E6 /* [CP] Embed Pods Frameworks */ = {
			isa = PBXShellScriptBuildPhase;
			buildActionMask = 2147483647;
			files = (
			);
			inputFileListPaths = (
				"${PODS_ROOT}/Target Support Files/Pods-Test/Pods-Test-frameworks-${CONFIGURATION}-input-files.xcfilelist",
			);
			name = "[CP] Embed Pods Frameworks";
			outputFileListPaths = (
				"${PODS_ROOT}/Target Support Files/Pods-Test/Pods-Test-frameworks-${CONFIGURATION}-output-files.xcfilelist",
			);
			runOnlyForDeploymentPostprocessing = 0;
			shellPath = /bin/sh;
			shellScript = "\"${PODS_ROOT}/Target Support Files/Pods-Test/Pods-Test-frameworks.sh\"\n";
			showEnvVarsInLog = 0;
		};
/* End PBXShellScriptBuildPhase section */

/* Begin PBXSourcesBuildPhase section */
		30EFB99C241F4C110071A788 /* Sources */ = {
			isa = PBXSourcesBuildPhase;
			buildActionMask = 2147483647;
			files = (
				30AB0F3C243317C500ED33EF /* TestTwoClass.m in Sources */,
				30EFBAC224233FB10071A788 /* TestClass.m in Sources */,
				30EFB9A8241F4C110071A788 /* ViewController.m in Sources */,
				30EFB9B3241F4C120071A788 /* main.m in Sources */,
				30EFB9A5241F4C110071A788 /* AppDelegate.m in Sources */,
			);
			runOnlyForDeploymentPostprocessing = 0;
		};
		30EFB9B4241F4C120071A788 /* Sources */ = {
			isa = PBXSourcesBuildPhase;
			buildActionMask = 2147483647;
			files = (
				30EFB9BD241F4C120071A788 /* TestTests.m in Sources */,
			);
			runOnlyForDeploymentPostprocessing = 0;
		};
		30EFB9BF241F4C120071A788 /* Sources */ = {
			isa = PBXSourcesBuildPhase;
			buildActionMask = 2147483647;
			files = (
				30EFB9C8241F4C120071A788 /* TestUITests.m in Sources */,
			);
			runOnlyForDeploymentPostprocessing = 0;
		};
/* End PBXSourcesBuildPhase section */

/* Begin PBXTargetDependency section */
		30EFB9BA241F4C120071A788 /* PBXTargetDependency */ = {
			isa = PBXTargetDependency;
			target = 30EFB99F241F4C110071A788 /* Test */;
			targetProxy = 30EFB9B9241F4C120071A788 /* PBXContainerItemProxy */;
		};
		30EFB9C5241F4C120071A788 /* PBXTargetDependency */ = {
			isa = PBXTargetDependency;
			target = 30EFB99F241F4C110071A788 /* Test */;
			targetProxy = 30EFB9C4241F4C120071A788 /* PBXContainerItemProxy */;
		};
/* End PBXTargetDependency section */

/* Begin PBXVariantGroup section */
		30EFB9A9241F4C110071A788 /* Main.storyboard */ = {
			isa = PBXVariantGroup;
			children = (
				30EFB9AA241F4C110071A788 /* Base */,
			);
			name = Main.storyboard;
			sourceTree = "<group>";
		};
		30EFB9AE241F4C120071A788 /* LaunchScreen.storyboard */ = {
			isa = PBXVariantGroup;
			children = (
				30EFB9AF241F4C120071A788 /* Base */,
			);
			name = LaunchScreen.storyboard;
			sourceTree = "<group>";
		};
/* End PBXVariantGroup section */

/* Begin XCBuildConfiguration section */
		30EFB9CA241F4C120071A788 /* Debug */ = {
			isa = XCBuildConfiguration;
			buildSettings = {
				ALWAYS_SEARCH_USER_PATHS = NO;
				CLANG_ANALYZER_NONNULL = YES;
				CLANG_ANALYZER_NUMBER_OBJECT_CONVERSION = YES_AGGRESSIVE;
				CLANG_CXX_LANGUAGE_STANDARD = "gnu++14";
				CLANG_CXX_LIBRARY = "libc++";
				CLANG_ENABLE_MODULES = YES;
				CLANG_ENABLE_OBJC_ARC = YES;
				CLANG_ENABLE_OBJC_WEAK = YES;
				CLANG_WARN_BLOCK_CAPTURE_AUTORELEASING = YES;
				CLANG_WARN_BOOL_CONVERSION = YES;
				CLANG_WARN_COMMA = YES;
				CLANG_WARN_CONSTANT_CONVERSION = YES;
				CLANG_WARN_DEPRECATED_OBJC_IMPLEMENTATIONS = YES;
				CLANG_WARN_DIRECT_OBJC_ISA_USAGE = YES_ERROR;
				CLANG_WARN_DOCUMENTATION_COMMENTS = YES;
				CLANG_WARN_EMPTY_BODY = YES;
				CLANG_WARN_ENUM_CONVERSION = YES;
				CLANG_WARN_INFINITE_RECURSION = YES;
				CLANG_WARN_INT_CONVERSION = YES;
				CLANG_WARN_NON_LITERAL_NULL_CONVERSION = YES;
				CLANG_WARN_OBJC_IMPLICIT_RETAIN_SELF = YES;
				CLANG_WARN_OBJC_LITERAL_CONVERSION = YES;
				CLANG_WARN_OBJC_ROOT_CLASS = YES_ERROR;
				CLANG_WARN_RANGE_LOOP_ANALYSIS = YES;
				CLANG_WARN_STRICT_PROTOTYPES = YES;
				CLANG_WARN_SUSPICIOUS_MOVE = YES;
				CLANG_WARN_UNGUARDED_AVAILABILITY = YES_AGGRESSIVE;
				CLANG_WARN_UNREACHABLE_CODE = YES;
				CLANG_WARN__DUPLICATE_METHOD_MATCH = YES;
				CODE_SIGN_IDENTITY = "iPhone Developer";
				COPY_PHASE_STRIP = NO;
				DEBUG_INFORMATION_FORMAT = dwarf;
				ENABLE_STRICT_OBJC_MSGSEND = YES;
				ENABLE_TESTABILITY = YES;
				GCC_C_LANGUAGE_STANDARD = gnu11;
				GCC_DYNAMIC_NO_PIC = NO;
				GCC_NO_COMMON_BLOCKS = YES;
				GCC_OPTIMIZATION_LEVEL = 0;
				GCC_PREPROCESSOR_DEFINITIONS = (
					"DEBUG=1",
					"$(inherited)",
				);
				GCC_WARN_64_TO_32_BIT_CONVERSION = YES;
				GCC_WARN_ABOUT_RETURN_TYPE = YES_ERROR;
				GCC_WARN_UNDECLARED_SELECTOR = YES;
				GCC_WARN_UNINITIALIZED_AUTOS = YES_AGGRESSIVE;
				GCC_WARN_UNUSED_FUNCTION = YES;
				GCC_WARN_UNUSED_VARIABLE = YES;
				IPHONEOS_DEPLOYMENT_TARGET = 12.4;
				MTL_ENABLE_DEBUG_INFO = INCLUDE_SOURCE;
				MTL_FAST_MATH = YES;
				ONLY_ACTIVE_ARCH = YES;
				SDKROOT = iphoneos;
			};
			name = Debug;
		};
		30EFB9CB241F4C120071A788 /* Release */ = {
			isa = XCBuildConfiguration;
			buildSettings = {
				ALWAYS_SEARCH_USER_PATHS = NO;
				CLANG_ANALYZER_NONNULL = YES;
				CLANG_ANALYZER_NUMBER_OBJECT_CONVERSION = YES_AGGRESSIVE;
				CLANG_CXX_LANGUAGE_STANDARD = "gnu++14";
				CLANG_CXX_LIBRARY = "libc++";
				CLANG_ENABLE_MODULES = YES;
				CLANG_ENABLE_OBJC_ARC = YES;
				CLANG_ENABLE_OBJC_WEAK = YES;
				CLANG_WARN_BLOCK_CAPTURE_AUTORELEASING = YES;
				CLANG_WARN_BOOL_CONVERSION = YES;
				CLANG_WARN_COMMA = YES;
				CLANG_WARN_CONSTANT_CONVERSION = YES;
				CLANG_WARN_DEPRECATED_OBJC_IMPLEMENTATIONS = YES;
				CLANG_WARN_DIRECT_OBJC_ISA_USAGE = YES_ERROR;
				CLANG_WARN_DOCUMENTATION_COMMENTS = YES;
				CLANG_WARN_EMPTY_BODY = YES;
				CLANG_WARN_ENUM_CONVERSION = YES;
				CLANG_WARN_INFINITE_RECURSION = YES;
				CLANG_WARN_INT_CONVERSION = YES;
				CLANG_WARN_NON_LITERAL_NULL_CONVERSION = YES;
				CLANG_WARN_OBJC_IMPLICIT_RETAIN_SELF = YES;
				CLANG_WARN_OBJC_LITERAL_CONVERSION = YES;
				CLANG_WARN_OBJC_ROOT_CLASS = YES_ERROR;
				CLANG_WARN_RANGE_LOOP_ANALYSIS = YES;
				CLANG_WARN_STRICT_PROTOTYPES = YES;
				CLANG_WARN_SUSPICIOUS_MOVE = YES;
				CLANG_WARN_UNGUARDED_AVAILABILITY = YES_AGGRESSIVE;
				CLANG_WARN_UNREACHABLE_CODE = YES;
				CLANG_WARN__DUPLICATE_METHOD_MATCH = YES;
				CODE_SIGN_IDENTITY = "iPhone Developer";
				COPY_PHASE_STRIP = NO;
				DEBUG_INFORMATION_FORMAT = "dwarf-with-dsym";
				ENABLE_NS_ASSERTIONS = NO;
				ENABLE_STRICT_OBJC_MSGSEND = YES;
				GCC_C_LANGUAGE_STANDARD = gnu11;
				GCC_NO_COMMON_BLOCKS = YES;
				GCC_WARN_64_TO_32_BIT_CONVERSION = YES;
				GCC_WARN_ABOUT_RETURN_TYPE = YES_ERROR;
				GCC_WARN_UNDECLARED_SELECTOR = YES;
				GCC_WARN_UNINITIALIZED_AUTOS = YES_AGGRESSIVE;
				GCC_WARN_UNUSED_FUNCTION = YES;
				GCC_WARN_UNUSED_VARIABLE = YES;
				IPHONEOS_DEPLOYMENT_TARGET = 12.4;
				MTL_ENABLE_DEBUG_INFO = NO;
				MTL_FAST_MATH = YES;
				SDKROOT = iphoneos;
				VALIDATE_PRODUCT = YES;
			};
			name = Release;
		};
		30EFB9CD241F4C120071A788 /* Debug */ = {
			isa = XCBuildConfiguration;
			baseConfigurationReference = F1D963971A3AE7A8166C824D /* Pods-Test.debug.xcconfig */;
			buildSettings = {
				ASSETCATALOG_COMPILER_APPICON_NAME = AppIcon;
				CODE_SIGN_STYLE = Automatic;
				DEVELOPMENT_TEAM = 3F27MS9GKQ;
				GCC_PREFIX_HEADER = "$(SRCROOT)/Test/TestPch.pch";
				INFOPLIST_FILE = Test/Info.plist;
				IPHONEOS_DEPLOYMENT_TARGET = 9.1;
				LD_RUNPATH_SEARCH_PATHS = (
					"$(inherited)",
					"@executable_path/Frameworks",
				);
				PRODUCT_BUNDLE_IDENTIFIER = jiang.Test;
				PRODUCT_NAME = "$(TARGET_NAME)";
				TARGETED_DEVICE_FAMILY = "1,2";
			};
			name = Debug;
		};
		30EFB9CE241F4C120071A788 /* Release */ = {
			isa = XCBuildConfiguration;
			baseConfigurationReference = BBFBBAAD2FF0B2608F226A46 /* Pods-Test.release.xcconfig */;
			buildSettings = {
				ASSETCATALOG_COMPILER_APPICON_NAME = AppIcon;
				CODE_SIGN_STYLE = Automatic;
				DEVELOPMENT_TEAM = 3F27MS9GKQ;
				GCC_PREFIX_HEADER = "$(SRCROOT)/Test/TestPch.pch";
				INFOPLIST_FILE = Test/Info.plist;
				IPHONEOS_DEPLOYMENT_TARGET = 9.1;
				LD_RUNPATH_SEARCH_PATHS = (
					"$(inherited)",
					"@executable_path/Frameworks",
				);
				PRODUCT_BUNDLE_IDENTIFIER = jiang.Test;
				PRODUCT_NAME = "$(TARGET_NAME)";
				TARGETED_DEVICE_FAMILY = "1,2";
			};
			name = Release;
		};
		30EFB9D0241F4C120071A788 /* Debug */ = {
			isa = XCBuildConfiguration;
			baseConfigurationReference = 8D336E804F004BAE2B62B2E9 /* Pods-TestTests.debug.xcconfig */;
			buildSettings = {
				BUNDLE_LOADER = "$(TEST_HOST)";
				CODE_SIGN_STYLE = Automatic;
				INFOPLIST_FILE = TestTests/Info.plist;
				LD_RUNPATH_SEARCH_PATHS = (
					"$(inherited)",
					"@executable_path/Frameworks",
					"@loader_path/Frameworks",
				);
				PRODUCT_BUNDLE_IDENTIFIER = jiang.TestTests;
				PRODUCT_NAME = "$(TARGET_NAME)";
				TARGETED_DEVICE_FAMILY = "1,2";
				TEST_HOST = "$(BUILT_PRODUCTS_DIR)/Test.app/Test";
			};
			name = Debug;
		};
		30EFB9D1241F4C120071A788 /* Release */ = {
			isa = XCBuildConfiguration;
			baseConfigurationReference = 1BBF4358C319146C8B599AAE /* Pods-TestTests.release.xcconfig */;
			buildSettings = {
				BUNDLE_LOADER = "$(TEST_HOST)";
				CODE_SIGN_STYLE = Automatic;
				INFOPLIST_FILE = TestTests/Info.plist;
				LD_RUNPATH_SEARCH_PATHS = (
					"$(inherited)",
					"@executable_path/Frameworks",
					"@loader_path/Frameworks",
				);
				PRODUCT_BUNDLE_IDENTIFIER = jiang.TestTests;
				PRODUCT_NAME = "$(TARGET_NAME)";
				TARGETED_DEVICE_FAMILY = "1,2";
				TEST_HOST = "$(BUILT_PRODUCTS_DIR)/Test.app/Test";
			};
			name = Release;
		};
		30EFB9D3241F4C120071A788 /* Debug */ = {
			isa = XCBuildConfiguration;
			baseConfigurationReference = 7B8B821A0B666C182085DB75 /* Pods-Test-TestUITests.debug.xcconfig */;
			buildSettings = {
				CODE_SIGN_STYLE = Automatic;
				INFOPLIST_FILE = TestUITests/Info.plist;
				LD_RUNPATH_SEARCH_PATHS = (
					"$(inherited)",
					"@executable_path/Frameworks",
					"@loader_path/Frameworks",
				);
				PRODUCT_BUNDLE_IDENTIFIER = jiang.TestUITests;
				PRODUCT_NAME = "$(TARGET_NAME)";
				TARGETED_DEVICE_FAMILY = "1,2";
				TEST_TARGET_NAME = Test;
			};
			name = Debug;
		};
		30EFB9D4241F4C120071A788 /* Release */ = {
			isa = XCBuildConfiguration;
			baseConfigurationReference = 9A079401851A9EAC9D91040B /* Pods-Test-TestUITests.release.xcconfig */;
			buildSettings = {
				CODE_SIGN_STYLE = Automatic;
				INFOPLIST_FILE = TestUITests/Info.plist;
				LD_RUNPATH_SEARCH_PATHS = (
					"$(inherited)",
					"@executable_path/Frameworks",
					"@loader_path/Frameworks",
				);
				PRODUCT_BUNDLE_IDENTIFIER = jiang.TestUITests;
				PRODUCT_NAME = "$(TARGET_NAME)";
				TARGETED_DEVICE_FAMILY = "1,2";
				TEST_TARGET_NAME = Test;
			};
			name = Release;
		};
/* End XCBuildConfiguration section */

/* Begin XCConfigurationList section */
		30EFB99B241F4C110071A788 /* Build configuration list for PBXProject "Test" */ = {
			isa = XCConfigurationList;
			buildConfigurations = (
				30EFB9CA241F4C120071A788 /* Debug */,
				30EFB9CB241F4C120071A788 /* Release */,
			);
			defaultConfigurationIsVisible = 0;
			defaultConfigurationName = Release;
		};
		30EFB9CC241F4C120071A788 /* Build configuration list for PBXNativeTarget "Test" */ = {
			isa = XCConfigurationList;
			buildConfigurations = (
				30EFB9CD241F4C120071A788 /* Debug */,
				30EFB9CE241F4C120071A788 /* Release */,
			);
			defaultConfigurationIsVisible = 0;
			defaultConfigurationName = Release;
		};
		30EFB9CF241F4C120071A788 /* Build configuration list for PBXNativeTarget "TestTests" */ = {
			isa = XCConfigurationList;
			buildConfigurations = (
				30EFB9D0241F4C120071A788 /* Debug */,
				30EFB9D1241F4C120071A788 /* Release */,
			);
			defaultConfigurationIsVisible = 0;
			defaultConfigurationName = Release;
		};
		30EFB9D2241F4C120071A788 /* Build configuration list for PBXNativeTarget "TestUITests" */ = {
			isa = XCConfigurationList;
			buildConfigurations = (
				30EFB9D3241F4C120071A788 /* Debug */,
				30EFB9D4241F4C120071A788 /* Release */,
			);
			defaultConfigurationIsVisible = 0;
			defaultConfigurationName = Release;
		};
/* End XCConfigurationList section */
	};
	rootObject = 30EFB998241F4C110071A788 /* Project object */;
}
